// !$*UTF8*$!
{
	archiveVersion = 1;
	classes = {
	};
	objectVersion = 46;
	objects = {

/* Begin PBXBuildFile section */
		85F8F7FF15713AE000734E7C /* UIKit.framework in Frameworks */ = {isa = PBXBuildFile; fileRef = 85F8F7FE15713AE000734E7C /* UIKit.framework */; };
		85F8F80115713AE000734E7C /* Foundation.framework in Frameworks */ = {isa = PBXBuildFile; fileRef = 85F8F80015713AE000734E7C /* Foundation.framework */; };
		85F8F80315713AE000734E7C /* CoreGraphics.framework in Frameworks */ = {isa = PBXBuildFile; fileRef = 85F8F80215713AE000734E7C /* CoreGraphics.framework */; };
		85F8F80915713AE000734E7C /* InfoPlist.strings in Resources */ = {isa = PBXBuildFile; fileRef = 85F8F80715713AE000734E7C /* InfoPlist.strings */; };
		85F8F80B15713AE000734E7C /* main.m in Sources */ = {isa = PBXBuildFile; fileRef = 85F8F80A15713AE000734E7C /* main.m */; };
		85F8F80F15713AE000734E7C /* testAppDelegate.m in Sources */ = {isa = PBXBuildFile; fileRef = 85F8F80E15713AE000734E7C /* testAppDelegate.m */; };
		85F8F81215713AE000734E7C /* MainStoryboard_iPhone.storyboard in Resources */ = {isa = PBXBuildFile; fileRef = 85F8F81015713AE000734E7C /* MainStoryboard_iPhone.storyboard */; };
		85F8F81515713AE000734E7C /* MainStoryboard_iPad.storyboard in Resources */ = {isa = PBXBuildFile; fileRef = 85F8F81315713AE000734E7C /* MainStoryboard_iPad.storyboard */; };
		85F8F81815713AE000734E7C /* testViewController.m in Sources */ = {isa = PBXBuildFile; fileRef = 85F8F81715713AE000734E7C /* testViewController.m */; };
		85F8F82015713AE000734E7C /* SenTestingKit.framework in Frameworks */ = {isa = PBXBuildFile; fileRef = 85F8F81F15713AE000734E7C /* SenTestingKit.framework */; };
		85F8F82115713AE000734E7C /* UIKit.framework in Frameworks */ = {isa = PBXBuildFile; fileRef = 85F8F7FE15713AE000734E7C /* UIKit.framework */; };
		85F8F82215713AE000734E7C /* Foundation.framework in Frameworks */ = {isa = PBXBuildFile; fileRef = 85F8F80015713AE000734E7C /* Foundation.framework */; };
		85F8F82A15713AE000734E7C /* InfoPlist.strings in Resources */ = {isa = PBXBuildFile; fileRef = 85F8F82815713AE000734E7C /* InfoPlist.strings */; };
		85F8F82D15713AE000734E7C /* testTests.m in Sources */ = {isa = PBXBuildFile; fileRef = 85F8F82C15713AE000734E7C /* testTests.m */; };
/* End PBXBuildFile section */

/* Begin PBXContainerItemProxy section */
		85F8F82315713AE000734E7C /* PBXContainerItemProxy */ = {
			isa = PBXContainerItemProxy;
			containerPortal = 85F8F7F115713ADF00734E7C /* Project object */;
			proxyType = 1;
			remoteGlobalIDString = 85F8F7F915713AE000734E7C;
			remoteInfo = test;
		};
/* End PBXContainerItemProxy section */

/* Begin PBXFileReference section */
		85F8F7FA15713AE000734E7C /* test.app */ = {isa = PBXFileReference; explicitFileType = wrapper.application; includeInIndex = 0; path = test.app; sourceTree = BUILT_PRODUCTS_DIR; };
		85F8F7FE15713AE000734E7C /* UIKit.framework */ = {isa = PBXFileReference; lastKnownFileType = wrapper.framework; name = UIKit.framework; path = System/Library/Frameworks/UIKit.framework; sourceTree = SDKROOT; };
		85F8F80015713AE000734E7C /* Foundation.framework */ = {isa = PBXFileReference; lastKnownFileType = wrapper.framework; name = Foundation.framework; path = System/Library/Frameworks/Foundation.framework; sourceTree = SDKROOT; };
		85F8F80215713AE000734E7C /* CoreGraphics.framework */ = {isa = PBXFileReference; lastKnownFileType = wrapper.framework; name = CoreGraphics.framework; path = System/Library/Frameworks/CoreGraphics.framework; sourceTree = SDKROOT; };
		85F8F80615713AE000734E7C /* test-Info.plist */ = {isa = PBXFileReference; path = "test-Info.plist"; sourceTree = "<group>"; };
		85F8F80815713AE000734E7C /* en */ = {isa = PBXFileReference; lastKnownFileType = text.plist.strings; name = en; path = en.lproj/InfoPlist.strings; sourceTree = "<group>"; };
		85F8F80A15713AE000734E7C /* main.m */ = {isa = PBXFileReference; lastKnownFileType = sourcecode.c.objc; path = main.m; sourceTree = "<group>"; };
		85F8F80C15713AE000734E7C /* test-Prefix.pch */ = {isa = PBXFileReference; path = "test-Prefix.pch"; sourceTree = "<group>"; };
		85F8F80D15713AE000734E7C /* testAppDelegate.h */ = {isa = PBXFileReference; path = testAppDelegate.h; sourceTree = "<group>"; };
		85F8F80E15713AE000734E7C /* testAppDelegate.m */ = {isa = PBXFileReference; lastKnownFileType = sourcecode.c.objc; path = testAppDelegate.m; sourceTree = "<group>"; };
		85F8F81115713AE000734E7C /* en */ = {isa = PBXFileReference; lastKnownFileType = file.storyboard; name = en; path = en.lproj/MainStoryboard_iPhone.storyboard; sourceTree = "<group>"; };
		85F8F81415713AE000734E7C /* en */ = {isa = PBXFileReference; lastKnownFileType = file.storyboard; name = en; path = en.lproj/MainStoryboard_iPad.storyboard; sourceTree = "<group>"; };
		85F8F81615713AE000734E7C /* testViewController.h */ = {isa = PBXFileReference; path = testViewController.h; sourceTree = "<group>"; };
		85F8F81715713AE000734E7C /* testViewController.m */ = {isa = PBXFileReference; lastKnownFileType = sourcecode.c.objc; path = testViewController.m; sourceTree = "<group>"; };
		85F8F81E15713AE000734E7C /* testTests.octest */ = {isa = PBXFileReference; explicitFileType = wrapper.cfbundle; includeInIndex = 0; path = testTests.octest; sourceTree = BUILT_PRODUCTS_DIR; };
		85F8F81F15713AE000734E7C /* SenTestingKit.framework */ = {isa = PBXFileReference; lastKnownFileType = wrapper.framework; name = SenTestingKit.framework; path = Library/Frameworks/SenTestingKit.framework; sourceTree = DEVELOPER_DIR; };
		85F8F82715713AE000734E7C /* testTests-Info.plist */ = {isa = PBXFileReference; path = "testTests-Info.plist"; sourceTree = "<group>"; };
		85F8F82915713AE000734E7C /* en */ = {isa = PBXFileReference; lastKnownFileType = text.plist.strings; name = en; path = en.lproj/InfoPlist.strings; sourceTree = "<group>"; };
		85F8F82B15713AE000734E7C /* testTests.h */ = {isa = PBXFileReference; path = testTests.h; sourceTree = "<group>"; };
		85F8F82C15713AE000734E7C /* testTests.m */ = {isa = PBXFileReference; lastKnownFileType = sourcecode.c.objc; path = testTests.m; sourceTree = "<group>"; };
/* End PBXFileReference section */

/* Begin PBXFrameworksBuildPhase section */
		85F8F7F715713AE000734E7C /* Frameworks */ = {
			isa = PBXFrameworksBuildPhase;
			buildActionMask = 2147483647;
			files = (
				85F8F7FF15713AE000734E7C /* UIKit.framework in Frameworks */,
				85F8F80115713AE000734E7C /* Foundation.framework in Frameworks */,
				85F8F80315713AE000734E7C /* CoreGraphics.framework in Frameworks */,
			);
			runOnlyForDeploymentPostprocessing = 0;
		};
		85F8F81A15713AE000734E7C /* Frameworks */ = {
			isa = PBXFrameworksBuildPhase;
			buildActionMask = 2147483647;
			files = (
				85F8F82015713AE000734E7C /* SenTestingKit.framework in Frameworks */,
				85F8F82115713AE000734E7C /* UIKit.framework in Frameworks */,
				85F8F82215713AE000734E7C /* Foundation.framework in Frameworks */,
			);
			runOnlyForDeploymentPostprocessing = 0;
		};
/* End PBXFrameworksBuildPhase section */

/* Begin PBXGroup section */
		85F8F7EF15713ADF00734E7C = {
			isa = PBXGroup;
			children = (
				85F8F80415713AE000734E7C /* test */,
				85F8F82515713AE000734E7C /* testTests */,
				85F8F7FD15713AE000734E7C /* Frameworks */,
				85F8F7FB15713AE000734E7C /* Products */,
			);
			sourceTree = "<group>";
		};
		85F8F7FB15713AE000734E7C /* Products */ = {
			isa = PBXGroup;
			children = (
				85F8F7FA15713AE000734E7C /* test.app */,
				85F8F81E15713AE000734E7C /* testTests.octest */,
			);
			name = Products;
			sourceTree = "<group>";
		};
		85F8F7FD15713AE000734E7C /* Frameworks */ = {
			isa = PBXGroup;
			children = (
				85F8F7FE15713AE000734E7C /* UIKit.framework */,
				85F8F80015713AE000734E7C /* Foundation.framework */,
				85F8F80215713AE000734E7C /* CoreGraphics.framework */,
				85F8F81F15713AE000734E7C /* SenTestingKit.framework */,
			);
			name = Frameworks;
			sourceTree = "<group>";
		};
		85F8F80415713AE000734E7C /* test */ = {
			isa = PBXGroup;
			children = (
				85F8F80D15713AE000734E7C /* testAppDelegate.h */,
				85F8F80E15713AE000734E7C /* testAppDelegate.m */,
				85F8F81015713AE000734E7C /* MainStoryboard_iPhone.storyboard */,
				85F8F81315713AE000734E7C /* MainStoryboard_iPad.storyboard */,
				85F8F81615713AE000734E7C /* testViewController.h */,
				85F8F81715713AE000734E7C /* testViewController.m */,
				85F8F80515713AE000734E7C /* Supporting Files */,
			);
			path = test;
			sourceTree = "<group>";
		};
		85F8F80515713AE000734E7C /* Supporting Files */ = {
			isa = PBXGroup;
			children = (
				85F8F80615713AE000734E7C /* test-Info.plist */,
				85F8F80715713AE000734E7C /* InfoPlist.strings */,
				85F8F80A15713AE000734E7C /* main.m */,
				85F8F80C15713AE000734E7C /* test-Prefix.pch */,
			);
			name = "Supporting Files";
			sourceTree = "<group>";
		};
		85F8F82515713AE000734E7C /* testTests */ = {
			isa = PBXGroup;
			children = (
				85F8F82B15713AE000734E7C /* testTests.h */,
				85F8F82C15713AE000734E7C /* testTests.m */,
				85F8F82615713AE000734E7C /* Supporting Files */,
			);
			path = testTests;
			sourceTree = "<group>";
		};
		85F8F82615713AE000734E7C /* Supporting Files */ = {
			isa = PBXGroup;
			children = (
				85F8F82715713AE000734E7C /* testTests-Info.plist */,
				85F8F82815713AE000734E7C /* InfoPlist.strings */,
			);
			name = "Supporting Files";
			sourceTree = "<group>";
		};
/* End PBXGroup section */

/* Begin PBXNativeTarget section */
		85F8F7F915713AE000734E7C /* test */ = {
			isa = PBXNativeTarget;
			buildConfigurationList = 85F8F83015713AE000734E7C /* Build configuration list for PBXNativeTarget "test" */;
			buildPhases = (
				85F8F7F615713AE000734E7C /* Sources */,
				85F8F7F715713AE000734E7C /* Frameworks */,
				85F8F7F815713AE000734E7C /* Resources */,
			);
			buildRules = (
			);
			dependencies = (
			);
			name = test;
			productName = test;
			productReference = 85F8F7FA15713AE000734E7C /* test.app */;
			productType = "com.apple.product-type.application";
		};
		85F8F81D15713AE000734E7C /* testTests */ = {
			isa = PBXNativeTarget;
			buildConfigurationList = 85F8F83315713AE000734E7C /* Build configuration list for PBXNativeTarget "testTests" */;
			buildPhases = (
				85F8F81915713AE000734E7C /* Sources */,
				85F8F81A15713AE000734E7C /* Frameworks */,
				85F8F81B15713AE000734E7C /* Resources */,
				85F8F81C15713AE000734E7C /* ShellScript */,
			);
			buildRules = (
			);
			dependencies = (
				85F8F82415713AE000734E7C /* PBXTargetDependency */,
			);
			name = testTests;
			productName = testTests;
			productReference = 85F8F81E15713AE000734E7C /* testTests.octest */;
			productType = "com.apple.product-type.bundle";
		};
/* End PBXNativeTarget section */

/* Begin PBXProject section */
		85F8F7F115713ADF00734E7C /* Project object */ = {
			isa = PBXProject;
			attributes = {
				CLASSPREFIX = test;
				LastUpgradeCheck = 0430;
			};
			buildConfigurationList = 85F8F7F415713ADF00734E7C /* Build configuration list for PBXProject "test" */;
			compatibilityVersion = "Xcode 3.2";
			developmentRegion = English;
			hasScannedForEncodings = 0;
			knownRegions = (
				en,
			);
			mainGroup = 85F8F7EF15713ADF00734E7C;
			productRefGroup = 85F8F7FB15713AE000734E7C /* Products */;
			projectDirPath = "";
			projectRoot = "";
			targets = (
				85F8F7F915713AE000734E7C /* test */,
				85F8F81D15713AE000734E7C /* testTests */,
			);
		};
/* End PBXProject section */

/* Begin PBXResourcesBuildPhase section */
		85F8F7F815713AE000734E7C /* Resources */ = {
			isa = PBXResourcesBuildPhase;
			buildActionMask = 2147483647;
			files = (
				85F8F80915713AE000734E7C /* InfoPlist.strings in Resources */,
				85F8F81215713AE000734E7C /* MainStoryboard_iPhone.storyboard in Resources */,
				85F8F81515713AE000734E7C /* MainStoryboard_iPad.storyboard in Resources */,
			);
			runOnlyForDeploymentPostprocessing = 0;
		};
		85F8F81B15713AE000734E7C /* Resources */ = {
			isa = PBXResourcesBuildPhase;
			buildActionMask = 2147483647;
			files = (
				85F8F82A15713AE000734E7C /* InfoPlist.strings in Resources */,
			);
			runOnlyForDeploymentPostprocessing = 0;
		};
/* End PBXResourcesBuildPhase section */

/* Begin PBXShellScriptBuildPhase section */
		85F8F81C15713AE000734E7C /* ShellScript */ = {
			isa = PBXShellScriptBuildPhase;
			buildActionMask = 2147483647;
			files = (
			);
			inputPaths = (
			);
			outputPaths = (
			);
			runOnlyForDeploymentPostprocessing = 0;
			shellPath = /bin/sh;
			shellScript = "# Run the unit tests in this test bundle.\n\"${SYSTEM_DEVELOPER_DIR}/Tools/RunUnitTests\"\n";
		};
/* End PBXShellScriptBuildPhase section */

/* Begin PBXSourcesBuildPhase section */
		85F8F7F615713AE000734E7C /* Sources */ = {
			isa = PBXSourcesBuildPhase;
			buildActionMask = 2147483647;
			files = (
				85F8F80B15713AE000734E7C /* main.m in Sources */,
				85F8F80F15713AE000734E7C /* testAppDelegate.m in Sources */,
				85F8F81815713AE000734E7C /* testViewController.m in Sources */,
			);
			runOnlyForDeploymentPostprocessing = 0;
		};
		85F8F81915713AE000734E7C /* Sources */ = {
			isa = PBXSourcesBuildPhase;
			buildActionMask = 2147483647;
			files = (
				85F8F82D15713AE000734E7C /* testTests.m in Sources */,
			);
			runOnlyForDeploymentPostprocessing = 0;
		};
/* End PBXSourcesBuildPhase section */

/* Begin PBXTargetDependency section */
		85F8F82415713AE000734E7C /* PBXTargetDependency */ = {
			isa = PBXTargetDependency;
			target = 85F8F7F915713AE000734E7C /* test */;
			targetProxy = 85F8F82315713AE000734E7C /* PBXContainerItemProxy */;
		};
/* End PBXTargetDependency section */

/* Begin PBXVariantGroup section */
		85F8F80715713AE000734E7C /* InfoPlist.strings */ = {
			isa = PBXVariantGroup;
			children = (
				85F8F80815713AE000734E7C /* en */,
			);
			name = InfoPlist.strings;
			sourceTree = "<group>";
		};
		85F8F81015713AE000734E7C /* MainStoryboard_iPhone.storyboard */ = {
			isa = PBXVariantGroup;
			children = (
				85F8F81115713AE000734E7C /* en */,
			);
			name = MainStoryboard_iPhone.storyboard;
			sourceTree = "<group>";
		};
		85F8F81315713AE000734E7C /* MainStoryboard_iPad.storyboard */ = {
			isa = PBXVariantGroup;
			children = (
				85F8F81415713AE000734E7C /* en */,
			);
			name = MainStoryboard_iPad.storyboard;
			sourceTree = "<group>";
		};
		85F8F82815713AE000734E7C /* InfoPlist.strings */ = {
			isa = PBXVariantGroup;
			children = (
				85F8F82915713AE000734E7C /* en */,
			);
			name = InfoPlist.strings;
			sourceTree = "<group>";
		};
/* End PBXVariantGroup section */

/* Begin XCBuildConfiguration section */
		85F8F82E15713AE000734E7C /* Debug */ = {
			isa = XCBuildConfiguration;
			buildSettings = {
				ALWAYS_SEARCH_USER_PATHS = NO;
				ARCHS = "$(ARCHS_STANDARD_32_BIT)";
				CLANG_ENABLE_OBJC_ARC = YES;
				"CODE_SIGN_IDENTITY[sdk=iphoneos*]" = "iPhone Developer";
				COPY_PHASE_STRIP = NO;
				GCC_C_LANGUAGE_STANDARD = gnu99;
				GCC_DYNAMIC_NO_PIC = NO;
				GCC_OPTIMIZATION_LEVEL = 0;
				GCC_PREPROCESSOR_DEFINITIONS = (
					"DEBUG=1",
					"$(inherited)",
				);
				GCC_SYMBOLS_PRIVATE_EXTERN = NO;
				GCC_VERSION = com.apple.compilers.llvm.clang.1_0;
				GCC_WARN_ABOUT_RETURN_TYPE = YES;
				GCC_WARN_UNINITIALIZED_AUTOS = YES;
				GCC_WARN_UNUSED_VARIABLE = YES;
				IPHONEOS_DEPLOYMENT_TARGET = 5.1;
				SDKROOT = iphoneos;
				TARGETED_DEVICE_FAMILY = "1,2";
			};
			name = Debug;
		};
		85F8F82F15713AE000734E7C /* Release */ = {
			isa = XCBuildConfiguration;
			buildSettings = {
				ALWAYS_SEARCH_USER_PATHS = NO;
				ARCHS = "$(ARCHS_STANDARD_32_BIT)";
				CLANG_ENABLE_OBJC_ARC = YES;
				"CODE_SIGN_IDENTITY[sdk=iphoneos*]" = "iPhone Developer";
				COPY_PHASE_STRIP = YES;
				GCC_C_LANGUAGE_STANDARD = gnu99;
				GCC_VERSION = com.apple.compilers.llvm.clang.1_0;
				GCC_WARN_ABOUT_RETURN_TYPE = YES;
				GCC_WARN_UNINITIALIZED_AUTOS = YES;
				GCC_WARN_UNUSED_VARIABLE = YES;
				IPHONEOS_DEPLOYMENT_TARGET = 5.1;
				OTHER_CFLAGS = "-DNS_BLOCK_ASSERTIONS=1";
				SDKROOT = iphoneos;
				TARGETED_DEVICE_FAMILY = "1,2";
				VALIDATE_PRODUCT = YES;
			};
			name = Release;
		};
		85F8F83115713AE000734E7C /* Debug */ = {
			isa = XCBuildConfiguration;
			buildSettings = {
				GCC_PRECOMPILE_PREFIX_HEADER = YES;
				GCC_PREFIX_HEADER = "test/test-Prefix.pch";
				INFOPLIST_FILE = "test/test-Info.plist";
				PRODUCT_NAME = "$(TARGET_NAME)";
				WRAPPER_EXTENSION = app;
			};
			name = Debug;
		};
		85F8F83215713AE000734E7C /* Release */ = {
			isa = XCBuildConfiguration;
			buildSettings = {
				GCC_PRECOMPILE_PREFIX_HEADER = YES;
				GCC_PREFIX_HEADER = "test/test-Prefix.pch";
				INFOPLIST_FILE = "test/test-Info.plist";
				PRODUCT_NAME = "$(TARGET_NAME)";
				WRAPPER_EXTENSION = app;
			};
			name = Release;
		};
		85F8F83415713AE000734E7C /* Debug */ = {
			isa = XCBuildConfiguration;
			buildSettings = {
				BUNDLE_LOADER = "$(BUILT_PRODUCTS_DIR)/test.app/test";
				FRAMEWORK_SEARCH_PATHS = (
					"$(SDKROOT)/Developer/Library/Frameworks",
					"$(DEVELOPER_LIBRARY_DIR)/Frameworks",
				);
				GCC_PRECOMPILE_PREFIX_HEADER = YES;
				GCC_PREFIX_HEADER = "test/test-Prefix.pch";
				INFOPLIST_FILE = "testTests/testTests-Info.plist";
				PRODUCT_NAME = "$(TARGET_NAME)";
				TEST_HOST = "$(BUNDLE_LOADER)";
				WRAPPER_EXTENSION = octest;
			};
			name = Debug;
		};
		85F8F83515713AE000734E7C /* Release */ = {
			isa = XCBuildConfiguration;
			buildSettings = {
				BUNDLE_LOADER = "$(BUILT_PRODUCTS_DIR)/test.app/test";
				FRAMEWORK_SEARCH_PATHS = (
					"$(SDKROOT)/Developer/Library/Frameworks",
					"$(DEVELOPER_LIBRARY_DIR)/Frameworks",
				);
				GCC_PRECOMPILE_PREFIX_HEADER = YES;
				GCC_PREFIX_HEADER = "test/test-Prefix.pch";
				INFOPLIST_FILE = "testTests/testTests-Info.plist";
				PRODUCT_NAME = "$(TARGET_NAME)";
				TEST_HOST = "$(BUNDLE_LOADER)";
				WRAPPER_EXTENSION = octest;
			};
			name = Release;
		};
/* End XCBuildConfiguration section */

/* Begin XCConfigurationList section */
		85F8F7F415713ADF00734E7C /* Build configuration list for PBXProject "test" */ = {
			isa = XCConfigurationList;
			buildConfigurations = (
				85F8F82E15713AE000734E7C /* Debug */,
				85F8F82F15713AE000734E7C /* Release */,
			);
			defaultConfigurationIsVisible = 0;
			defaultConfigurationName = Release;
		};
		85F8F83015713AE000734E7C /* Build configuration list for PBXNativeTarget "test" */ = {
			isa = XCConfigurationList;
			buildConfigurations = (
				85F8F83115713AE000734E7C /* Debug */,
				85F8F83215713AE000734E7C /* Release */,
			);
			defaultConfigurationIsVisible = 0;
		};
		85F8F83315713AE000734E7C /* Build configuration list for PBXNativeTarget "testTests" */ = {
			isa = XCConfigurationList;
			buildConfigurations = (
				85F8F83415713AE000734E7C /* Debug */,
				85F8F83515713AE000734E7C /* Release */,
			);
			defaultConfigurationIsVisible = 0;
		};
/* End XCConfigurationList section */
	};
	rootObject = 85F8F7F115713ADF00734E7C /* Project object */;
}
